// !$*UTF8*$!
{
	archiveVersion = 1;
	classes = {
	};
	objectVersion = 56;
	objects = {

/* Begin PBXBuildFile section */
		2CC8B60FD12C1562C0D259E5 /* Pods_case3Tests.framework in Frameworks */ = {isa = PBXBuildFile; fileRef = 114BF8641227974EBDE1B40D /* Pods_case3Tests.framework */; };
		6AF56DD32B6CA1CF006C11B0 /* AppDelegate.swift in Sources */ = {isa = PBXBuildFile; fileRef = 6AF56DD22B6CA1CF006C11B0 /* AppDelegate.swift */; };
		6AF56DD52B6CA1CF006C11B0 /* SceneDelegate.swift in Sources */ = {isa = PBXBuildFile; fileRef = 6AF56DD42B6CA1CF006C11B0 /* SceneDelegate.swift */; };
		6AF56DD72B6CA1CF006C11B0 /* ViewController.swift in Sources */ = {isa = PBXBuildFile; fileRef = 6AF56DD62B6CA1CF006C11B0 /* ViewController.swift */; };
		6AF56DDC2B6CA1D2006C11B0 /* Assets.xcassets in Resources */ = {isa = PBXBuildFile; fileRef = 6AF56DDB2B6CA1D2006C11B0 /* Assets.xcassets */; };
		6AF56DDF2B6CA1D2006C11B0 /* LaunchScreen.storyboard in Resources */ = {isa = PBXBuildFile; fileRef = 6AF56DDD2B6CA1D2006C11B0 /* LaunchScreen.storyboard */; };
		6AF56DEA2B6CA1D2006C11B0 /* case3Tests.swift in Sources */ = {isa = PBXBuildFile; fileRef = 6AF56DE92B6CA1D2006C11B0 /* case3Tests.swift */; };
		6AF56DF42B6CA1D2006C11B0 /* case3UITests.swift in Sources */ = {isa = PBXBuildFile; fileRef = 6AF56DF32B6CA1D2006C11B0 /* case3UITests.swift */; };
		6AF56DF62B6CA1D2006C11B0 /* case3UITestsLaunchTests.swift in Sources */ = {isa = PBXBuildFile; fileRef = 6AF56DF52B6CA1D2006C11B0 /* case3UITestsLaunchTests.swift */; };
		6AF56E032B6CA5D9006C11B0 /* portofolio.json in Resources */ = {isa = PBXBuildFile; fileRef = 6AF56E022B6CA5D9006C11B0 /* portofolio.json */; };
		6AF56E062B6CA879006C11B0 /* HomepageVC.swift in Sources */ = {isa = PBXBuildFile; fileRef = 6AF56E042B6CA879006C11B0 /* HomepageVC.swift */; };
		6AF56E072B6CA879006C11B0 /* HomepageVC.xib in Resources */ = {isa = PBXBuildFile; fileRef = 6AF56E052B6CA879006C11B0 /* HomepageVC.xib */; };
		6AF56E0E2B6CAB44006C11B0 /* DonutChartCell.swift in Sources */ = {isa = PBXBuildFile; fileRef = 6AF56E0C2B6CAB44006C11B0 /* DonutChartCell.swift */; };
		6AF56E0F2B6CAB44006C11B0 /* DonutChartCell.xib in Resources */ = {isa = PBXBuildFile; fileRef = 6AF56E0D2B6CAB44006C11B0 /* DonutChartCell.xib */; };
		6AF56E122B6CB1D9006C11B0 /* HomeInteractor.swift in Sources */ = {isa = PBXBuildFile; fileRef = 6AF56E112B6CB1D9006C11B0 /* HomeInteractor.swift */; };
		6AF56E142B6CB229006C11B0 /* HomePresenter.swift in Sources */ = {isa = PBXBuildFile; fileRef = 6AF56E132B6CB229006C11B0 /* HomePresenter.swift */; };
		6AF56E162B6CB239006C11B0 /* HomeRouter.swift in Sources */ = {isa = PBXBuildFile; fileRef = 6AF56E152B6CB239006C11B0 /* HomeRouter.swift */; };
		6AF56E182B6CB284006C11B0 /* PortofolioModel.swift in Sources */ = {isa = PBXBuildFile; fileRef = 6AF56E172B6CB284006C11B0 /* PortofolioModel.swift */; };
		6AF56E1A2B6CB95F006C11B0 /* String+Extension.swift in Sources */ = {isa = PBXBuildFile; fileRef = 6AF56E192B6CB95F006C11B0 /* String+Extension.swift */; };
		6AF56E1D2B6CDEFB006C11B0 /* LineChartCell.swift in Sources */ = {isa = PBXBuildFile; fileRef = 6AF56E1B2B6CDEFB006C11B0 /* LineChartCell.swift */; };
		6AF56E1E2B6CDEFB006C11B0 /* LineChartCell.xib in Resources */ = {isa = PBXBuildFile; fileRef = 6AF56E1C2B6CDEFB006C11B0 /* LineChartCell.xib */; };
		6AF56E212B6CEDC8006C11B0 /* DetailPortofolioVCViewController.swift in Sources */ = {isa = PBXBuildFile; fileRef = 6AF56E1F2B6CEDC8006C11B0 /* DetailPortofolioVCViewController.swift */; };
		6AF56E222B6CEDC8006C11B0 /* DetailPortofolioVCViewController.xib in Resources */ = {isa = PBXBuildFile; fileRef = 6AF56E202B6CEDC8006C11B0 /* DetailPortofolioVCViewController.xib */; };
		6AF56E252B6CF09F006C11B0 /* DetailTransaksiCell.swift in Sources */ = {isa = PBXBuildFile; fileRef = 6AF56E232B6CF09F006C11B0 /* DetailTransaksiCell.swift */; };
		6AF56E262B6CF09F006C11B0 /* DetailTransaksiCell.xib in Resources */ = {isa = PBXBuildFile; fileRef = 6AF56E242B6CF09F006C11B0 /* DetailTransaksiCell.xib */; };
		6AF56E282B6CF58D006C11B0 /* DetailInteractor.swift in Sources */ = {isa = PBXBuildFile; fileRef = 6AF56E272B6CF58D006C11B0 /* DetailInteractor.swift */; };
		6AF56E2A2B6CF604006C11B0 /* DetailPresenter.swift in Sources */ = {isa = PBXBuildFile; fileRef = 6AF56E292B6CF604006C11B0 /* DetailPresenter.swift */; };
		6AF56E2C2B6CF610006C11B0 /* DetailRouter.swift in Sources */ = {isa = PBXBuildFile; fileRef = 6AF56E2B2B6CF610006C11B0 /* DetailRouter.swift */; };
		6AF56E322B6CFC8F006C11B0 /* Formatter+Extension.swift in Sources */ = {isa = PBXBuildFile; fileRef = 6AF56E312B6CFC8F006C11B0 /* Formatter+Extension.swift */; };
		6AF56E342B6CFCB1006C11B0 /* Numeric+Extension.swift in Sources */ = {isa = PBXBuildFile; fileRef = 6AF56E332B6CFCB1006C11B0 /* Numeric+Extension.swift */; };
		7C442EA10A31A1E4A421AD2B /* Pods_case3.framework in Frameworks */ = {isa = PBXBuildFile; fileRef = 417E68B10297C23667B502A8 /* Pods_case3.framework */; };
		DCFEF9E91D7EC200FBCDCB31 /* Pods_case3_case3UITests.framework in Frameworks */ = {isa = PBXBuildFile; fileRef = 1035D23CA818D6736EACF067 /* Pods_case3_case3UITests.framework */; };
/* End PBXBuildFile section */

/* Begin PBXContainerItemProxy section */
		6AF56DE62B6CA1D2006C11B0 /* PBXContainerItemProxy */ = {
			isa = PBXContainerItemProxy;
			containerPortal = 6AF56DC72B6CA1CF006C11B0 /* Project object */;
			proxyType = 1;
			remoteGlobalIDString = 6AF56DCE2B6CA1CF006C11B0;
			remoteInfo = case3;
		};
		6AF56DF02B6CA1D2006C11B0 /* PBXContainerItemProxy */ = {
			isa = PBXContainerItemProxy;
			containerPortal = 6AF56DC72B6CA1CF006C11B0 /* Project object */;
			proxyType = 1;
			remoteGlobalIDString = 6AF56DCE2B6CA1CF006C11B0;
			remoteInfo = case3;
		};
/* End PBXContainerItemProxy section */

/* Begin PBXFileReference section */
		1035D23CA818D6736EACF067 /* Pods_case3_case3UITests.framework */ = {isa = PBXFileReference; explicitFileType = wrapper.framework; includeInIndex = 0; path = Pods_case3_case3UITests.framework; sourceTree = BUILT_PRODUCTS_DIR; };
		114BF8641227974EBDE1B40D /* Pods_case3Tests.framework */ = {isa = PBXFileReference; explicitFileType = wrapper.framework; includeInIndex = 0; path = Pods_case3Tests.framework; sourceTree = BUILT_PRODUCTS_DIR; };
		20B4B55FD23DBECB4E4E6A1D /* Pods-case3Tests.release.xcconfig */ = {isa = PBXFileReference; includeInIndex = 1; lastKnownFileType = text.xcconfig; name = "Pods-case3Tests.release.xcconfig"; path = "Target Support Files/Pods-case3Tests/Pods-case3Tests.release.xcconfig"; sourceTree = "<group>"; };
		417E68B10297C23667B502A8 /* Pods_case3.framework */ = {isa = PBXFileReference; explicitFileType = wrapper.framework; includeInIndex = 0; path = Pods_case3.framework; sourceTree = BUILT_PRODUCTS_DIR; };
		6AF56DCF2B6CA1CF006C11B0 /* case3.app */ = {isa = PBXFileReference; explicitFileType = wrapper.application; includeInIndex = 0; path = case3.app; sourceTree = BUILT_PRODUCTS_DIR; };
		6AF56DD22B6CA1CF006C11B0 /* AppDelegate.swift */ = {isa = PBXFileReference; lastKnownFileType = sourcecode.swift; path = AppDelegate.swift; sourceTree = "<group>"; };
		6AF56DD42B6CA1CF006C11B0 /* SceneDelegate.swift */ = {isa = PBXFileReference; lastKnownFileType = sourcecode.swift; path = SceneDelegate.swift; sourceTree = "<group>"; };
		6AF56DD62B6CA1CF006C11B0 /* ViewController.swift */ = {isa = PBXFileReference; lastKnownFileType = sourcecode.swift; path = ViewController.swift; sourceTree = "<group>"; };
		6AF56DDB2B6CA1D2006C11B0 /* Assets.xcassets */ = {isa = PBXFileReference; lastKnownFileType = folder.assetcatalog; path = Assets.xcassets; sourceTree = "<group>"; };
		6AF56DDE2B6CA1D2006C11B0 /* Base */ = {isa = PBXFileReference; lastKnownFileType = file.storyboard; name = Base; path = Base.lproj/LaunchScreen.storyboard; sourceTree = "<group>"; };
		6AF56DE02B6CA1D2006C11B0 /* Info.plist */ = {isa = PBXFileReference; lastKnownFileType = text.plist.xml; path = Info.plist; sourceTree = "<group>"; };
		6AF56DE52B6CA1D2006C11B0 /* case3Tests.xctest */ = {isa = PBXFileReference; explicitFileType = wrapper.cfbundle; includeInIndex = 0; path = case3Tests.xctest; sourceTree = BUILT_PRODUCTS_DIR; };
		6AF56DE92B6CA1D2006C11B0 /* case3Tests.swift */ = {isa = PBXFileReference; lastKnownFileType = sourcecode.swift; path = case3Tests.swift; sourceTree = "<group>"; };
		6AF56DEF2B6CA1D2006C11B0 /* case3UITests.xctest */ = {isa = PBXFileReference; explicitFileType = wrapper.cfbundle; includeInIndex = 0; path = case3UITests.xctest; sourceTree = BUILT_PRODUCTS_DIR; };
		6AF56DF32B6CA1D2006C11B0 /* case3UITests.swift */ = {isa = PBXFileReference; lastKnownFileType = sourcecode.swift; path = case3UITests.swift; sourceTree = "<group>"; };
		6AF56DF52B6CA1D2006C11B0 /* case3UITestsLaunchTests.swift */ = {isa = PBXFileReference; lastKnownFileType = sourcecode.swift; path = case3UITestsLaunchTests.swift; sourceTree = "<group>"; };
		6AF56E022B6CA5D9006C11B0 /* portofolio.json */ = {isa = PBXFileReference; fileEncoding = 4; lastKnownFileType = text.json; path = portofolio.json; sourceTree = "<group>"; };
		6AF56E042B6CA879006C11B0 /* HomepageVC.swift */ = {isa = PBXFileReference; lastKnownFileType = sourcecode.swift; path = HomepageVC.swift; sourceTree = "<group>"; };
		6AF56E052B6CA879006C11B0 /* HomepageVC.xib */ = {isa = PBXFileReference; lastKnownFileType = file.xib; path = HomepageVC.xib; sourceTree = "<group>"; };
		6AF56E0C2B6CAB44006C11B0 /* DonutChartCell.swift */ = {isa = PBXFileReference; lastKnownFileType = sourcecode.swift; path = DonutChartCell.swift; sourceTree = "<group>"; };
		6AF56E0D2B6CAB44006C11B0 /* DonutChartCell.xib */ = {isa = PBXFileReference; lastKnownFileType = file.xib; path = DonutChartCell.xib; sourceTree = "<group>"; };
		6AF56E112B6CB1D9006C11B0 /* HomeInteractor.swift */ = {isa = PBXFileReference; lastKnownFileType = sourcecode.swift; path = HomeInteractor.swift; sourceTree = "<group>"; };
		6AF56E132B6CB229006C11B0 /* HomePresenter.swift */ = {isa = PBXFileReference; lastKnownFileType = sourcecode.swift; path = HomePresenter.swift; sourceTree = "<group>"; };
		6AF56E152B6CB239006C11B0 /* HomeRouter.swift */ = {isa = PBXFileReference; lastKnownFileType = sourcecode.swift; path = HomeRouter.swift; sourceTree = "<group>"; };
		6AF56E172B6CB284006C11B0 /* PortofolioModel.swift */ = {isa = PBXFileReference; lastKnownFileType = sourcecode.swift; path = PortofolioModel.swift; sourceTree = "<group>"; };
		6AF56E192B6CB95F006C11B0 /* String+Extension.swift */ = {isa = PBXFileReference; lastKnownFileType = sourcecode.swift; path = "String+Extension.swift"; sourceTree = "<group>"; };
		6AF56E1B2B6CDEFB006C11B0 /* LineChartCell.swift */ = {isa = PBXFileReference; lastKnownFileType = sourcecode.swift; path = LineChartCell.swift; sourceTree = "<group>"; };
		6AF56E1C2B6CDEFB006C11B0 /* LineChartCell.xib */ = {isa = PBXFileReference; lastKnownFileType = file.xib; path = LineChartCell.xib; sourceTree = "<group>"; };
		6AF56E1F2B6CEDC8006C11B0 /* DetailPortofolioVCViewController.swift */ = {isa = PBXFileReference; lastKnownFileType = sourcecode.swift; path = DetailPortofolioVCViewController.swift; sourceTree = "<group>"; };
		6AF56E202B6CEDC8006C11B0 /* DetailPortofolioVCViewController.xib */ = {isa = PBXFileReference; lastKnownFileType = file.xib; path = DetailPortofolioVCViewController.xib; sourceTree = "<group>"; };
		6AF56E232B6CF09F006C11B0 /* DetailTransaksiCell.swift */ = {isa = PBXFileReference; lastKnownFileType = sourcecode.swift; path = DetailTransaksiCell.swift; sourceTree = "<group>"; };
		6AF56E242B6CF09F006C11B0 /* DetailTransaksiCell.xib */ = {isa = PBXFileReference; lastKnownFileType = file.xib; path = DetailTransaksiCell.xib; sourceTree = "<group>"; };
		6AF56E272B6CF58D006C11B0 /* DetailInteractor.swift */ = {isa = PBXFileReference; lastKnownFileType = sourcecode.swift; path = DetailInteractor.swift; sourceTree = "<group>"; };
		6AF56E292B6CF604006C11B0 /* DetailPresenter.swift */ = {isa = PBXFileReference; lastKnownFileType = sourcecode.swift; path = DetailPresenter.swift; sourceTree = "<group>"; };
		6AF56E2B2B6CF610006C11B0 /* DetailRouter.swift */ = {isa = PBXFileReference; lastKnownFileType = sourcecode.swift; path = DetailRouter.swift; sourceTree = "<group>"; };
		6AF56E312B6CFC8F006C11B0 /* Formatter+Extension.swift */ = {isa = PBXFileReference; lastKnownFileType = sourcecode.swift; path = "Formatter+Extension.swift"; sourceTree = "<group>"; };
		6AF56E332B6CFCB1006C11B0 /* Numeric+Extension.swift */ = {isa = PBXFileReference; lastKnownFileType = sourcecode.swift; path = "Numeric+Extension.swift"; sourceTree = "<group>"; };
		85D2FCE2B9D91085A59DE4C2 /* Pods-case3-case3UITests.release.xcconfig */ = {isa = PBXFileReference; includeInIndex = 1; lastKnownFileType = text.xcconfig; name = "Pods-case3-case3UITests.release.xcconfig"; path = "Target Support Files/Pods-case3-case3UITests/Pods-case3-case3UITests.release.xcconfig"; sourceTree = "<group>"; };
		87DFE97A9D256E1E01CFE039 /* Pods-case3Tests.debug.xcconfig */ = {isa = PBXFileReference; includeInIndex = 1; lastKnownFileType = text.xcconfig; name = "Pods-case3Tests.debug.xcconfig"; path = "Target Support Files/Pods-case3Tests/Pods-case3Tests.debug.xcconfig"; sourceTree = "<group>"; };
		A9296706C16212213C44EFDD /* Pods-case3.release.xcconfig */ = {isa = PBXFileReference; includeInIndex = 1; lastKnownFileType = text.xcconfig; name = "Pods-case3.release.xcconfig"; path = "Target Support Files/Pods-case3/Pods-case3.release.xcconfig"; sourceTree = "<group>"; };
		AA201CFDC423AFDE99D0C7FE /* Pods-case3-case3UITests.debug.xcconfig */ = {isa = PBXFileReference; includeInIndex = 1; lastKnownFileType = text.xcconfig; name = "Pods-case3-case3UITests.debug.xcconfig"; path = "Target Support Files/Pods-case3-case3UITests/Pods-case3-case3UITests.debug.xcconfig"; sourceTree = "<group>"; };
		D79A309F02FC475D4E137B03 /* Pods-case3.debug.xcconfig */ = {isa = PBXFileReference; includeInIndex = 1; lastKnownFileType = text.xcconfig; name = "Pods-case3.debug.xcconfig"; path = "Target Support Files/Pods-case3/Pods-case3.debug.xcconfig"; sourceTree = "<group>"; };
/* End PBXFileReference section */

/* Begin PBXFrameworksBuildPhase section */
		6AF56DCC2B6CA1CF006C11B0 /* Frameworks */ = {
			isa = PBXFrameworksBuildPhase;
			buildActionMask = 2147483647;
			files = (
				7C442EA10A31A1E4A421AD2B /* Pods_case3.framework in Frameworks */,
			);
			runOnlyForDeploymentPostprocessing = 0;
		};
		6AF56DE22B6CA1D2006C11B0 /* Frameworks */ = {
			isa = PBXFrameworksBuildPhase;
			buildActionMask = 2147483647;
			files = (
				2CC8B60FD12C1562C0D259E5 /* Pods_case3Tests.framework in Frameworks */,
			);
			runOnlyForDeploymentPostprocessing = 0;
		};
		6AF56DEC2B6CA1D2006C11B0 /* Frameworks */ = {
			isa = PBXFrameworksBuildPhase;
			buildActionMask = 2147483647;
			files = (
				DCFEF9E91D7EC200FBCDCB31 /* Pods_case3_case3UITests.framework in Frameworks */,
			);
			runOnlyForDeploymentPostprocessing = 0;
		};
/* End PBXFrameworksBuildPhase section */

/* Begin PBXGroup section */
		6AF56DC62B6CA1CF006C11B0 = {
			isa = PBXGroup;
			children = (
				6AF56DD12B6CA1CF006C11B0 /* case3 */,
				6AF56DE82B6CA1D2006C11B0 /* case3Tests */,
				6AF56DF22B6CA1D2006C11B0 /* case3UITests */,
				6AF56DD02B6CA1CF006C11B0 /* Products */,
				A5219354096660F27E599C18 /* Pods */,
				BB6A2961F850DCAED462BA89 /* Frameworks */,
			);
			sourceTree = "<group>";
		};
		6AF56DD02B6CA1CF006C11B0 /* Products */ = {
			isa = PBXGroup;
			children = (
				6AF56DCF2B6CA1CF006C11B0 /* case3.app */,
				6AF56DE52B6CA1D2006C11B0 /* case3Tests.xctest */,
				6AF56DEF2B6CA1D2006C11B0 /* case3UITests.xctest */,
			);
			name = Products;
			sourceTree = "<group>";
		};
		6AF56DD12B6CA1CF006C11B0 /* case3 */ = {
			isa = PBXGroup;
			children = (
				6AF56E352B6D33EB006C11B0 /* Extensions */,
				6AF56E022B6CA5D9006C11B0 /* portofolio.json */,
				6AF56DD22B6CA1CF006C11B0 /* AppDelegate.swift */,
				6AF56DD42B6CA1CF006C11B0 /* SceneDelegate.swift */,
				6AF56DD62B6CA1CF006C11B0 /* ViewController.swift */,
				6AF56E422B6D3673006C11B0 /* Modules */,
				6AF56E412B6D3663006C11B0 /* Cells */,
				6AF56DDB2B6CA1D2006C11B0 /* Assets.xcassets */,
				6AF56DDD2B6CA1D2006C11B0 /* LaunchScreen.storyboard */,
				6AF56DE02B6CA1D2006C11B0 /* Info.plist */,
			);
			path = case3;
			sourceTree = "<group>";
		};
		6AF56DE82B6CA1D2006C11B0 /* case3Tests */ = {
			isa = PBXGroup;
			children = (
				6AF56DE92B6CA1D2006C11B0 /* case3Tests.swift */,
			);
			path = case3Tests;
			sourceTree = "<group>";
		};
		6AF56DF22B6CA1D2006C11B0 /* case3UITests */ = {
			isa = PBXGroup;
			children = (
				6AF56DF32B6CA1D2006C11B0 /* case3UITests.swift */,
				6AF56DF52B6CA1D2006C11B0 /* case3UITestsLaunchTests.swift */,
			);
			path = case3UITests;
			sourceTree = "<group>";
		};
		6AF56E102B6CB1B5006C11B0 /* Home Module */ = {
			isa = PBXGroup;
			children = (
				6AF56E3A2B6D342F006C11B0 /* Router */,
				6AF56E392B6D3423006C11B0 /* Entity */,
				6AF56E382B6D341A006C11B0 /* Presenter */,
				6AF56E372B6D340E006C11B0 /* Interactor */,
				6AF56E362B6D3406006C11B0 /* View */,
			);
			path = "Home Module";
			sourceTree = "<group>";
		};
		6AF56E352B6D33EB006C11B0 /* Extensions */ = {
			isa = PBXGroup;
			children = (
				6AF56E192B6CB95F006C11B0 /* String+Extension.swift */,
				6AF56E312B6CFC8F006C11B0 /* Formatter+Extension.swift */,
				6AF56E332B6CFCB1006C11B0 /* Numeric+Extension.swift */,
			);
			path = Extensions;
			sourceTree = "<group>";
		};
		6AF56E362B6D3406006C11B0 /* View */ = {
			isa = PBXGroup;
			children = (
				6AF56E042B6CA879006C11B0 /* HomepageVC.swift */,
				6AF56E052B6CA879006C11B0 /* HomepageVC.xib */,
			);
			path = View;
			sourceTree = "<group>";
		};
		6AF56E372B6D340E006C11B0 /* Interactor */ = {
			isa = PBXGroup;
			children = (
				6AF56E112B6CB1D9006C11B0 /* HomeInteractor.swift */,
			);
			path = Interactor;
			sourceTree = "<group>";
		};
		6AF56E382B6D341A006C11B0 /* Presenter */ = {
			isa = PBXGroup;
			children = (
				6AF56E132B6CB229006C11B0 /* HomePresenter.swift */,
			);
			path = Presenter;
			sourceTree = "<group>";
		};
		6AF56E392B6D3423006C11B0 /* Entity */ = {
			isa = PBXGroup;
			children = (
				6AF56E172B6CB284006C11B0 /* PortofolioModel.swift */,
			);
			path = Entity;
			sourceTree = "<group>";
		};
		6AF56E3A2B6D342F006C11B0 /* Router */ = {
			isa = PBXGroup;
			children = (
				6AF56E152B6CB239006C11B0 /* HomeRouter.swift */,
			);
			path = Router;
			sourceTree = "<group>";
		};
		6AF56E3B2B6D3459006C11B0 /* Detail Module */ = {
			isa = PBXGroup;
			children = (
				6AF56E3C2B6D353B006C11B0 /* View */,
				6AF56E3E2B6D3555006C11B0 /* Interactor */,
				6AF56E3F2B6D355D006C11B0 /* Presenter */,
				6AF56E402B6D3566006C11B0 /* Router */,
			);
			path = "Detail Module";
			sourceTree = "<group>";
		};
		6AF56E3C2B6D353B006C11B0 /* View */ = {
			isa = PBXGroup;
			children = (
				6AF56E1F2B6CEDC8006C11B0 /* DetailPortofolioVCViewController.swift */,
				6AF56E202B6CEDC8006C11B0 /* DetailPortofolioVCViewController.xib */,
				6AF56E232B6CF09F006C11B0 /* DetailTransaksiCell.swift */,
				6AF56E242B6CF09F006C11B0 /* DetailTransaksiCell.xib */,
			);
			path = View;
			sourceTree = "<group>";
		};
		6AF56E3E2B6D3555006C11B0 /* Interactor */ = {
			isa = PBXGroup;
			children = (
				6AF56E272B6CF58D006C11B0 /* DetailInteractor.swift */,
			);
			path = Interactor;
			sourceTree = "<group>";
		};
		6AF56E3F2B6D355D006C11B0 /* Presenter */ = {
			isa = PBXGroup;
			children = (
				6AF56E292B6CF604006C11B0 /* DetailPresenter.swift */,
			);
			path = Presenter;
			sourceTree = "<group>";
		};
		6AF56E402B6D3566006C11B0 /* Router */ = {
			isa = PBXGroup;
			children = (
				6AF56E2B2B6CF610006C11B0 /* DetailRouter.swift */,
			);
			path = Router;
			sourceTree = "<group>";
		};
		6AF56E412B6D3663006C11B0 /* Cells */ = {
			isa = PBXGroup;
			children = (
				6AF56E0C2B6CAB44006C11B0 /* DonutChartCell.swift */,
				6AF56E0D2B6CAB44006C11B0 /* DonutChartCell.xib */,
				6AF56E1B2B6CDEFB006C11B0 /* LineChartCell.swift */,
				6AF56E1C2B6CDEFB006C11B0 /* LineChartCell.xib */,
			);
			path = Cells;
			sourceTree = "<group>";
		};
		6AF56E422B6D3673006C11B0 /* Modules */ = {
			isa = PBXGroup;
			children = (
				6AF56E3B2B6D3459006C11B0 /* Detail Module */,
				6AF56E102B6CB1B5006C11B0 /* Home Module */,
			);
			path = Modules;
			sourceTree = "<group>";
		};
		A5219354096660F27E599C18 /* Pods */ = {
			isa = PBXGroup;
			children = (
				D79A309F02FC475D4E137B03 /* Pods-case3.debug.xcconfig */,
				A9296706C16212213C44EFDD /* Pods-case3.release.xcconfig */,
				AA201CFDC423AFDE99D0C7FE /* Pods-case3-case3UITests.debug.xcconfig */,
				85D2FCE2B9D91085A59DE4C2 /* Pods-case3-case3UITests.release.xcconfig */,
				87DFE97A9D256E1E01CFE039 /* Pods-case3Tests.debug.xcconfig */,
				20B4B55FD23DBECB4E4E6A1D /* Pods-case3Tests.release.xcconfig */,
			);
			path = Pods;
			sourceTree = "<group>";
		};
		BB6A2961F850DCAED462BA89 /* Frameworks */ = {
			isa = PBXGroup;
			children = (
				417E68B10297C23667B502A8 /* Pods_case3.framework */,
				1035D23CA818D6736EACF067 /* Pods_case3_case3UITests.framework */,
				114BF8641227974EBDE1B40D /* Pods_case3Tests.framework */,
			);
			name = Frameworks;
			sourceTree = "<group>";
		};
/* End PBXGroup section */

/* Begin PBXNativeTarget section */
		6AF56DCE2B6CA1CF006C11B0 /* case3 */ = {
			isa = PBXNativeTarget;
			buildConfigurationList = 6AF56DF92B6CA1D2006C11B0 /* Build configuration list for PBXNativeTarget "case3" */;
			buildPhases = (
				580C5533E797195C006D6A9C /* [CP] Check Pods Manifest.lock */,
				6AF56DCB2B6CA1CF006C11B0 /* Sources */,
				6AF56DCC2B6CA1CF006C11B0 /* Frameworks */,
				6AF56DCD2B6CA1CF006C11B0 /* Resources */,
				A4F4271ED3FE85D204855F44 /* [CP] Embed Pods Frameworks */,
			);
			buildRules = (
			);
			dependencies = (
			);
			name = case3;
			productName = case3;
			productReference = 6AF56DCF2B6CA1CF006C11B0 /* case3.app */;
			productType = "com.apple.product-type.application";
		};
		6AF56DE42B6CA1D2006C11B0 /* case3Tests */ = {
			isa = PBXNativeTarget;
			buildConfigurationList = 6AF56DFC2B6CA1D2006C11B0 /* Build configuration list for PBXNativeTarget "case3Tests" */;
			buildPhases = (
				CAB13972494D70AE25A841C5 /* [CP] Check Pods Manifest.lock */,
				6AF56DE12B6CA1D2006C11B0 /* Sources */,
				6AF56DE22B6CA1D2006C11B0 /* Frameworks */,
				6AF56DE32B6CA1D2006C11B0 /* Resources */,
			);
			buildRules = (
			);
			dependencies = (
				6AF56DE72B6CA1D2006C11B0 /* PBXTargetDependency */,
			);
			name = case3Tests;
			productName = case3Tests;
			productReference = 6AF56DE52B6CA1D2006C11B0 /* case3Tests.xctest */;
			productType = "com.apple.product-type.bundle.unit-test";
		};
		6AF56DEE2B6CA1D2006C11B0 /* case3UITests */ = {
			isa = PBXNativeTarget;
			buildConfigurationList = 6AF56DFF2B6CA1D2006C11B0 /* Build configuration list for PBXNativeTarget "case3UITests" */;
			buildPhases = (
				71E85E950587336BE8831E34 /* [CP] Check Pods Manifest.lock */,
				6AF56DEB2B6CA1D2006C11B0 /* Sources */,
				6AF56DEC2B6CA1D2006C11B0 /* Frameworks */,
				6AF56DED2B6CA1D2006C11B0 /* Resources */,
				5563B49D3FD685D733BDAAB0 /* [CP] Embed Pods Frameworks */,
			);
			buildRules = (
			);
			dependencies = (
				6AF56DF12B6CA1D2006C11B0 /* PBXTargetDependency */,
			);
			name = case3UITests;
			productName = case3UITests;
			productReference = 6AF56DEF2B6CA1D2006C11B0 /* case3UITests.xctest */;
			productType = "com.apple.product-type.bundle.ui-testing";
		};
/* End PBXNativeTarget section */

/* Begin PBXProject section */
		6AF56DC72B6CA1CF006C11B0 /* Project object */ = {
			isa = PBXProject;
			attributes = {
				BuildIndependentTargetsInParallel = 1;
				LastSwiftUpdateCheck = 1520;
				LastUpgradeCheck = 1520;
				TargetAttributes = {
					6AF56DCE2B6CA1CF006C11B0 = {
						CreatedOnToolsVersion = 15.2;
					};
					6AF56DE42B6CA1D2006C11B0 = {
						CreatedOnToolsVersion = 15.2;
						TestTargetID = 6AF56DCE2B6CA1CF006C11B0;
					};
					6AF56DEE2B6CA1D2006C11B0 = {
						CreatedOnToolsVersion = 15.2;
						TestTargetID = 6AF56DCE2B6CA1CF006C11B0;
					};
				};
			};
			buildConfigurationList = 6AF56DCA2B6CA1CF006C11B0 /* Build configuration list for PBXProject "case3" */;
			compatibilityVersion = "Xcode 14.0";
			developmentRegion = en;
			hasScannedForEncodings = 0;
			knownRegions = (
				en,
				Base,
			);
			mainGroup = 6AF56DC62B6CA1CF006C11B0;
			productRefGroup = 6AF56DD02B6CA1CF006C11B0 /* Products */;
			projectDirPath = "";
			projectRoot = "";
			targets = (
				6AF56DCE2B6CA1CF006C11B0 /* case3 */,
				6AF56DE42B6CA1D2006C11B0 /* case3Tests */,
				6AF56DEE2B6CA1D2006C11B0 /* case3UITests */,
			);
		};
/* End PBXProject section */

/* Begin PBXResourcesBuildPhase section */
		6AF56DCD2B6CA1CF006C11B0 /* Resources */ = {
			isa = PBXResourcesBuildPhase;
			buildActionMask = 2147483647;
			files = (
				6AF56E222B6CEDC8006C11B0 /* DetailPortofolioVCViewController.xib in Resources */,
				6AF56E032B6CA5D9006C11B0 /* portofolio.json in Resources */,
				6AF56E0F2B6CAB44006C11B0 /* DonutChartCell.xib in Resources */,
				6AF56E262B6CF09F006C11B0 /* DetailTransaksiCell.xib in Resources */,
				6AF56DDF2B6CA1D2006C11B0 /* LaunchScreen.storyboard in Resources */,
				6AF56E072B6CA879006C11B0 /* HomepageVC.xib in Resources */,
				6AF56E1E2B6CDEFB006C11B0 /* LineChartCell.xib in Resources */,
				6AF56DDC2B6CA1D2006C11B0 /* Assets.xcassets in Resources */,
			);
			runOnlyForDeploymentPostprocessing = 0;
		};
		6AF56DE32B6CA1D2006C11B0 /* Resources */ = {
			isa = PBXResourcesBuildPhase;
			buildActionMask = 2147483647;
			files = (
			);
			runOnlyForDeploymentPostprocessing = 0;
		};
		6AF56DED2B6CA1D2006C11B0 /* Resources */ = {
			isa = PBXResourcesBuildPhase;
			buildActionMask = 2147483647;
			files = (
			);
			runOnlyForDeploymentPostprocessing = 0;
		};
/* End PBXResourcesBuildPhase section */

/* Begin PBXShellScriptBuildPhase section */
		5563B49D3FD685D733BDAAB0 /* [CP] Embed Pods Frameworks */ = {
			isa = PBXShellScriptBuildPhase;
			buildActionMask = 2147483647;
			files = (
			);
			inputFileListPaths = (
				"${PODS_ROOT}/Target Support Files/Pods-case3-case3UITests/Pods-case3-case3UITests-frameworks-${CONFIGURATION}-input-files.xcfilelist",
			);
			name = "[CP] Embed Pods Frameworks";
			outputFileListPaths = (
				"${PODS_ROOT}/Target Support Files/Pods-case3-case3UITests/Pods-case3-case3UITests-frameworks-${CONFIGURATION}-output-files.xcfilelist",
			);
			runOnlyForDeploymentPostprocessing = 0;
			shellPath = /bin/sh;
			shellScript = "\"${PODS_ROOT}/Target Support Files/Pods-case3-case3UITests/Pods-case3-case3UITests-frameworks.sh\"\n";
			showEnvVarsInLog = 0;
		};
		580C5533E797195C006D6A9C /* [CP] Check Pods Manifest.lock */ = {
			isa = PBXShellScriptBuildPhase;
			buildActionMask = 2147483647;
			files = (
			);
			inputFileListPaths = (
			);
			inputPaths = (
				"${PODS_PODFILE_DIR_PATH}/Podfile.lock",
				"${PODS_ROOT}/Manifest.lock",
			);
			name = "[CP] Check Pods Manifest.lock";
			outputFileListPaths = (
			);
			outputPaths = (
				"$(DERIVED_FILE_DIR)/Pods-case3-checkManifestLockResult.txt",
			);
			runOnlyForDeploymentPostprocessing = 0;
			shellPath = /bin/sh;
			shellScript = "diff \"${PODS_PODFILE_DIR_PATH}/Podfile.lock\" \"${PODS_ROOT}/Manifest.lock\" > /dev/null\nif [ $? != 0 ] ; then\n    # print error to STDERR\n    echo \"error: The sandbox is not in sync with the Podfile.lock. Run 'pod install' or update your CocoaPods installation.\" >&2\n    exit 1\nfi\n# This output is used by Xcode 'outputs' to avoid re-running this script phase.\necho \"SUCCESS\" > \"${SCRIPT_OUTPUT_FILE_0}\"\n";
			showEnvVarsInLog = 0;
		};
		71E85E950587336BE8831E34 /* [CP] Check Pods Manifest.lock */ = {
			isa = PBXShellScriptBuildPhase;
			buildActionMask = 2147483647;
			files = (
			);
			inputFileListPaths = (
			);
			inputPaths = (
				"${PODS_PODFILE_DIR_PATH}/Podfile.lock",
				"${PODS_ROOT}/Manifest.lock",
			);
			name = "[CP] Check Pods Manifest.lock";
			outputFileListPaths = (
			);
			outputPaths = (
				"$(DERIVED_FILE_DIR)/Pods-case3-case3UITests-checkManifestLockResult.txt",
			);
			runOnlyForDeploymentPostprocessing = 0;
			shellPath = /bin/sh;
			shellScript = "diff \"${PODS_PODFILE_DIR_PATH}/Podfile.lock\" \"${PODS_ROOT}/Manifest.lock\" > /dev/null\nif [ $? != 0 ] ; then\n    # print error to STDERR\n    echo \"error: The sandbox is not in sync with the Podfile.lock. Run 'pod install' or update your CocoaPods installation.\" >&2\n    exit 1\nfi\n# This output is used by Xcode 'outputs' to avoid re-running this script phase.\necho \"SUCCESS\" > \"${SCRIPT_OUTPUT_FILE_0}\"\n";
			showEnvVarsInLog = 0;
		};
		A4F4271ED3FE85D204855F44 /* [CP] Embed Pods Frameworks */ = {
			isa = PBXShellScriptBuildPhase;
			buildActionMask = 2147483647;
			files = (
			);
			inputFileListPaths = (
				"${PODS_ROOT}/Target Support Files/Pods-case3/Pods-case3-frameworks-${CONFIGURATION}-input-files.xcfilelist",
			);
			name = "[CP] Embed Pods Frameworks";
			outputFileListPaths = (
				"${PODS_ROOT}/Target Support Files/Pods-case3/Pods-case3-frameworks-${CONFIGURATION}-output-files.xcfilelist",
			);
			runOnlyForDeploymentPostprocessing = 0;
			shellPath = /bin/sh;
			shellScript = "\"${PODS_ROOT}/Target Support Files/Pods-case3/Pods-case3-frameworks.sh\"\n";
			showEnvVarsInLog = 0;
		};
		CAB13972494D70AE25A841C5 /* [CP] Check Pods Manifest.lock */ = {
			isa = PBXShellScriptBuildPhase;
			buildActionMask = 2147483647;
			files = (
			);
			inputFileListPaths = (
			);
			inputPaths = (
				"${PODS_PODFILE_DIR_PATH}/Podfile.lock",
				"${PODS_ROOT}/Manifest.lock",
			);
			name = "[CP] Check Pods Manifest.lock";
			outputFileListPaths = (
			);
			outputPaths = (
				"$(DERIVED_FILE_DIR)/Pods-case3Tests-checkManifestLockResult.txt",
			);
			runOnlyForDeploymentPostprocessing = 0;
			shellPath = /bin/sh;
			shellScript = "diff \"${PODS_PODFILE_DIR_PATH}/Podfile.lock\" \"${PODS_ROOT}/Manifest.lock\" > /dev/null\nif [ $? != 0 ] ; then\n    # print error to STDERR\n    echo \"error: The sandbox is not in sync with the Podfile.lock. Run 'pod install' or update your CocoaPods installation.\" >&2\n    exit 1\nfi\n# This output is used by Xcode 'outputs' to avoid re-running this script phase.\necho \"SUCCESS\" > \"${SCRIPT_OUTPUT_FILE_0}\"\n";
			showEnvVarsInLog = 0;
		};
/* End PBXShellScriptBuildPhase section */

/* Begin PBXSourcesBuildPhase section */
		6AF56DCB2B6CA1CF006C11B0 /* Sources */ = {
			isa = PBXSourcesBuildPhase;
			buildActionMask = 2147483647;
			files = (
				6AF56E142B6CB229006C11B0 /* HomePresenter.swift in Sources */,
				6AF56E2C2B6CF610006C11B0 /* DetailRouter.swift in Sources */,
				6AF56E212B6CEDC8006C11B0 /* DetailPortofolioVCViewController.swift in Sources */,
				6AF56E1D2B6CDEFB006C11B0 /* LineChartCell.swift in Sources */,
				6AF56DD72B6CA1CF006C11B0 /* ViewController.swift in Sources */,
				6AF56DD32B6CA1CF006C11B0 /* AppDelegate.swift in Sources */,
				6AF56E062B6CA879006C11B0 /* HomepageVC.swift in Sources */,
				6AF56E122B6CB1D9006C11B0 /* HomeInteractor.swift in Sources */,
				6AF56E322B6CFC8F006C11B0 /* Formatter+Extension.swift in Sources */,
				6AF56E342B6CFCB1006C11B0 /* Numeric+Extension.swift in Sources */,
				6AF56E162B6CB239006C11B0 /* HomeRouter.swift in Sources */,
				6AF56E2A2B6CF604006C11B0 /* DetailPresenter.swift in Sources */,
				6AF56E182B6CB284006C11B0 /* PortofolioModel.swift in Sources */,
				6AF56E0E2B6CAB44006C11B0 /* DonutChartCell.swift in Sources */,
				6AF56E1A2B6CB95F006C11B0 /* String+Extension.swift in Sources */,
				6AF56E282B6CF58D006C11B0 /* DetailInteractor.swift in Sources */,
				6AF56E252B6CF09F006C11B0 /* DetailTransaksiCell.swift in Sources */,
				6AF56DD52B6CA1CF006C11B0 /* SceneDelegate.swift in Sources */,
			);
			runOnlyForDeploymentPostprocessing = 0;
		};
		6AF56DE12B6CA1D2006C11B0 /* Sources */ = {
			isa = PBXSourcesBuildPhase;
			buildActionMask = 2147483647;
			files = (
				6AF56DEA2B6CA1D2006C11B0 /* case3Tests.swift in Sources */,
			);
			runOnlyForDeploymentPostprocessing = 0;
		};
		6AF56DEB2B6CA1D2006C11B0 /* Sources */ = {
			isa = PBXSourcesBuildPhase;
			buildActionMask = 2147483647;
			files = (
				6AF56DF62B6CA1D2006C11B0 /* case3UITestsLaunchTests.swift in Sources */,
				6AF56DF42B6CA1D2006C11B0 /* case3UITests.swift in Sources */,
			);
			runOnlyForDeploymentPostprocessing = 0;
		};
/* End PBXSourcesBuildPhase section */

/* Begin PBXTargetDependency section */
		6AF56DE72B6CA1D2006C11B0 /* PBXTargetDependency */ = {
			isa = PBXTargetDependency;
			target = 6AF56DCE2B6CA1CF006C11B0 /* case3 */;
			targetProxy = 6AF56DE62B6CA1D2006C11B0 /* PBXContainerItemProxy */;
		};
		6AF56DF12B6CA1D2006C11B0 /* PBXTargetDependency */ = {
			isa = PBXTargetDependency;
			target = 6AF56DCE2B6CA1CF006C11B0 /* case3 */;
			targetProxy = 6AF56DF02B6CA1D2006C11B0 /* PBXContainerItemProxy */;
		};
/* End PBXTargetDependency section */

/* Begin PBXVariantGroup section */
		6AF56DDD2B6CA1D2006C11B0 /* LaunchScreen.storyboard */ = {
			isa = PBXVariantGroup;
			children = (
				6AF56DDE2B6CA1D2006C11B0 /* Base */,
			);
			name = LaunchScreen.storyboard;
			sourceTree = "<group>";
		};
/* End PBXVariantGroup section */

/* Begin XCBuildConfiguration section */
		6AF56DF72B6CA1D2006C11B0 /* Debug */ = {
			isa = XCBuildConfiguration;
			buildSettings = {
				ALWAYS_SEARCH_USER_PATHS = NO;
				ASSETCATALOG_COMPILER_GENERATE_SWIFT_ASSET_SYMBOL_EXTENSIONS = YES;
				CLANG_ANALYZER_NONNULL = YES;
				CLANG_ANALYZER_NUMBER_OBJECT_CONVERSION = YES_AGGRESSIVE;
				CLANG_CXX_LANGUAGE_STANDARD = "gnu++20";
				CLANG_ENABLE_MODULES = YES;
				CLANG_ENABLE_OBJC_ARC = YES;
				CLANG_ENABLE_OBJC_WEAK = YES;
				CLANG_WARN_BLOCK_CAPTURE_AUTORELEASING = YES;
				CLANG_WARN_BOOL_CONVERSION = YES;
				CLANG_WARN_COMMA = YES;
				CLANG_WARN_CONSTANT_CONVERSION = YES;
				CLANG_WARN_DEPRECATED_OBJC_IMPLEMENTATIONS = YES;
				CLANG_WARN_DIRECT_OBJC_ISA_USAGE = YES_ERROR;
				CLANG_WARN_DOCUMENTATION_COMMENTS = YES;
				CLANG_WARN_EMPTY_BODY = YES;
				CLANG_WARN_ENUM_CONVERSION = YES;
				CLANG_WARN_INFINITE_RECURSION = YES;
				CLANG_WARN_INT_CONVERSION = YES;
				CLANG_WARN_NON_LITERAL_NULL_CONVERSION = YES;
				CLANG_WARN_OBJC_IMPLICIT_RETAIN_SELF = YES;
				CLANG_WARN_OBJC_LITERAL_CONVERSION = YES;
				CLANG_WARN_OBJC_ROOT_CLASS = YES_ERROR;
				CLANG_WARN_QUOTED_INCLUDE_IN_FRAMEWORK_HEADER = YES;
				CLANG_WARN_RANGE_LOOP_ANALYSIS = YES;
				CLANG_WARN_STRICT_PROTOTYPES = YES;
				CLANG_WARN_SUSPICIOUS_MOVE = YES;
				CLANG_WARN_UNGUARDED_AVAILABILITY = YES_AGGRESSIVE;
				CLANG_WARN_UNREACHABLE_CODE = YES;
				CLANG_WARN__DUPLICATE_METHOD_MATCH = YES;
				COPY_PHASE_STRIP = NO;
				DEBUG_INFORMATION_FORMAT = dwarf;
				ENABLE_STRICT_OBJC_MSGSEND = YES;
				ENABLE_TESTABILITY = YES;
				ENABLE_USER_SCRIPT_SANDBOXING = NO;
				GCC_C_LANGUAGE_STANDARD = gnu17;
				GCC_DYNAMIC_NO_PIC = NO;
				GCC_NO_COMMON_BLOCKS = YES;
				GCC_OPTIMIZATION_LEVEL = 0;
				GCC_PREPROCESSOR_DEFINITIONS = (
					"DEBUG=1",
					"$(inherited)",
				);
				GCC_WARN_64_TO_32_BIT_CONVERSION = YES;
				GCC_WARN_ABOUT_RETURN_TYPE = YES_ERROR;
				GCC_WARN_UNDECLARED_SELECTOR = YES;
				GCC_WARN_UNINITIALIZED_AUTOS = YES_AGGRESSIVE;
				GCC_WARN_UNUSED_FUNCTION = YES;
				GCC_WARN_UNUSED_VARIABLE = YES;
				IPHONEOS_DEPLOYMENT_TARGET = 17.2;
				LOCALIZATION_PREFERS_STRING_CATALOGS = YES;
				MTL_ENABLE_DEBUG_INFO = INCLUDE_SOURCE;
				MTL_FAST_MATH = YES;
				ONLY_ACTIVE_ARCH = YES;
				SDKROOT = iphoneos;
				SWIFT_ACTIVE_COMPILATION_CONDITIONS = "DEBUG $(inherited)";
				SWIFT_OPTIMIZATION_LEVEL = "-Onone";
			};
			name = Debug;
		};
		6AF56DF82B6CA1D2006C11B0 /* Release */ = {
			isa = XCBuildConfiguration;
			buildSettings = {
				ALWAYS_SEARCH_USER_PATHS = NO;
				ASSETCATALOG_COMPILER_GENERATE_SWIFT_ASSET_SYMBOL_EXTENSIONS = YES;
				CLANG_ANALYZER_NONNULL = YES;
				CLANG_ANALYZER_NUMBER_OBJECT_CONVERSION = YES_AGGRESSIVE;
				CLANG_CXX_LANGUAGE_STANDARD = "gnu++20";
				CLANG_ENABLE_MODULES = YES;
				CLANG_ENABLE_OBJC_ARC = YES;
				CLANG_ENABLE_OBJC_WEAK = YES;
				CLANG_WARN_BLOCK_CAPTURE_AUTORELEASING = YES;
				CLANG_WARN_BOOL_CONVERSION = YES;
				CLANG_WARN_COMMA = YES;
				CLANG_WARN_CONSTANT_CONVERSION = YES;
				CLANG_WARN_DEPRECATED_OBJC_IMPLEMENTATIONS = YES;
				CLANG_WARN_DIRECT_OBJC_ISA_USAGE = YES_ERROR;
				CLANG_WARN_DOCUMENTATION_COMMENTS = YES;
				CLANG_WARN_EMPTY_BODY = YES;
				CLANG_WARN_ENUM_CONVERSION = YES;
				CLANG_WARN_INFINITE_RECURSION = YES;
				CLANG_WARN_INT_CONVERSION = YES;
				CLANG_WARN_NON_LITERAL_NULL_CONVERSION = YES;
				CLANG_WARN_OBJC_IMPLICIT_RETAIN_SELF = YES;
				CLANG_WARN_OBJC_LITERAL_CONVERSION = YES;
				CLANG_WARN_OBJC_ROOT_CLASS = YES_ERROR;
				CLANG_WARN_QUOTED_INCLUDE_IN_FRAMEWORK_HEADER = YES;
				CLANG_WARN_RANGE_LOOP_ANALYSIS = YES;
				CLANG_WARN_STRICT_PROTOTYPES = YES;
				CLANG_WARN_SUSPICIOUS_MOVE = YES;
				CLANG_WARN_UNGUARDED_AVAILABILITY = YES_AGGRESSIVE;
				CLANG_WARN_UNREACHABLE_CODE = YES;
				CLANG_WARN__DUPLICATE_METHOD_MATCH = YES;
				COPY_PHASE_STRIP = NO;
				DEBUG_INFORMATION_FORMAT = "dwarf-with-dsym";
				ENABLE_NS_ASSERTIONS = NO;
				ENABLE_STRICT_OBJC_MSGSEND = YES;
				ENABLE_USER_SCRIPT_SANDBOXING = NO;
				GCC_C_LANGUAGE_STANDARD = gnu17;
				GCC_NO_COMMON_BLOCKS = YES;
				GCC_WARN_64_TO_32_BIT_CONVERSION = YES;
				GCC_WARN_ABOUT_RETURN_TYPE = YES_ERROR;
				GCC_WARN_UNDECLARED_SELECTOR = YES;
				GCC_WARN_UNINITIALIZED_AUTOS = YES_AGGRESSIVE;
				GCC_WARN_UNUSED_FUNCTION = YES;
				GCC_WARN_UNUSED_VARIABLE = YES;
				IPHONEOS_DEPLOYMENT_TARGET = 17.2;
				LOCALIZATION_PREFERS_STRING_CATALOGS = YES;
				MTL_ENABLE_DEBUG_INFO = NO;
				MTL_FAST_MATH = YES;
				SDKROOT = iphoneos;
				SWIFT_COMPILATION_MODE = wholemodule;
				VALIDATE_PRODUCT = YES;
			};
			name = Release;
		};
		6AF56DFA2B6CA1D2006C11B0 /* Debug */ = {
			isa = XCBuildConfiguration;
			baseConfigurationReference = D79A309F02FC475D4E137B03 /* Pods-case3.debug.xcconfig */;
			buildSettings = {
				ASSETCATALOG_COMPILER_APPICON_NAME = AppIcon;
				ASSETCATALOG_COMPILER_GLOBAL_ACCENT_COLOR_NAME = AccentColor;
				CODE_SIGN_STYLE = Automatic;
				CURRENT_PROJECT_VERSION = 1;
				DEVELOPMENT_TEAM = S2L48UD9HD;
				ENABLE_USER_SCRIPT_SANDBOXING = NO;
				GENERATE_INFOPLIST_FILE = YES;
				INFOPLIST_FILE = case3/Info.plist;
				INFOPLIST_KEY_UIApplicationSupportsIndirectInputEvents = YES;
				INFOPLIST_KEY_UILaunchStoryboardName = LaunchScreen;
				INFOPLIST_KEY_UIMainStoryboardFile = "";
				INFOPLIST_KEY_UISupportedInterfaceOrientations_iPad = "UIInterfaceOrientationPortrait UIInterfaceOrientationPortraitUpsideDown UIInterfaceOrientationLandscapeLeft UIInterfaceOrientationLandscapeRight";
				INFOPLIST_KEY_UISupportedInterfaceOrientations_iPhone = "UIInterfaceOrientationPortrait UIInterfaceOrientationLandscapeLeft UIInterfaceOrientationLandscapeRight";
				IPHONEOS_DEPLOYMENT_TARGET = 17.2;
				LD_RUNPATH_SEARCH_PATHS = (
					"$(inherited)",
					"@executable_path/Frameworks",
				);
				MARKETING_VERSION = 1.0;
				PRODUCT_BUNDLE_IDENTIFIER = aldo.case3;
				PRODUCT_NAME = "$(TARGET_NAME)";
				SWIFT_EMIT_LOC_STRINGS = YES;
				SWIFT_VERSION = 5.0;
				TARGETED_DEVICE_FAMILY = "1,2";
			};
			name = Debug;
		};
		6AF56DFB2B6CA1D2006C11B0 /* Release */ = {
			isa = XCBuildConfiguration;
			baseConfigurationReference = A9296706C16212213C44EFDD /* Pods-case3.release.xcconfig */;
			buildSettings = {
				ASSETCATALOG_COMPILER_APPICON_NAME = AppIcon;
				ASSETCATALOG_COMPILER_GLOBAL_ACCENT_COLOR_NAME = AccentColor;
				CODE_SIGN_STYLE = Automatic;
				CURRENT_PROJECT_VERSION = 1;
				DEVELOPMENT_TEAM = S2L48UD9HD;
				ENABLE_USER_SCRIPT_SANDBOXING = NO;
				GENERATE_INFOPLIST_FILE = YES;
				INFOPLIST_FILE = case3/Info.plist;
				INFOPLIST_KEY_UIApplicationSupportsIndirectInputEvents = YES;
				INFOPLIST_KEY_UILaunchStoryboardName = LaunchScreen;
				INFOPLIST_KEY_UIMainStoryboardFile = "";
				INFOPLIST_KEY_UISupportedInterfaceOrientations_iPad = "UIInterfaceOrientationPortrait UIInterfaceOrientationPortraitUpsideDown UIInterfaceOrientationLandscapeLeft UIInterfaceOrientationLandscapeRight";
				INFOPLIST_KEY_UISupportedInterfaceOrientations_iPhone = "UIInterfaceOrientationPortrait UIInterfaceOrientationLandscapeLeft UIInterfaceOrientationLandscapeRight";
				IPHONEOS_DEPLOYMENT_TARGET = 17.2;
				LD_RUNPATH_SEARCH_PATHS = (
					"$(inherited)",
					"@executable_path/Frameworks",
				);
				MARKETING_VERSION = 1.0;
				PRODUCT_BUNDLE_IDENTIFIER = aldo.case3;
				PRODUCT_NAME = "$(TARGET_NAME)";
				SWIFT_EMIT_LOC_STRINGS = YES;
				SWIFT_VERSION = 5.0;
				TARGETED_DEVICE_FAMILY = "1,2";
			};
			name = Release;
		};
		6AF56DFD2B6CA1D2006C11B0 /* Debug */ = {
			isa = XCBuildConfiguration;
			baseConfigurationReference = 87DFE97A9D256E1E01CFE039 /* Pods-case3Tests.debug.xcconfig */;
			buildSettings = {
				ALWAYS_EMBED_SWIFT_STANDARD_LIBRARIES = YES;
				BUNDLE_LOADER = "$(TEST_HOST)";
				CODE_SIGN_STYLE = Automatic;
				CURRENT_PROJECT_VERSION = 1;
				DEVELOPMENT_TEAM = S2L48UD9HD;
				GENERATE_INFOPLIST_FILE = YES;
				IPHONEOS_DEPLOYMENT_TARGET = 17.2;
				MARKETING_VERSION = 1.0;
				PRODUCT_BUNDLE_IDENTIFIER = aldo.case3Tests;
				PRODUCT_NAME = "$(TARGET_NAME)";
				SWIFT_EMIT_LOC_STRINGS = NO;
				SWIFT_VERSION = 5.0;
				TARGETED_DEVICE_FAMILY = "1,2";
				TEST_HOST = "$(BUILT_PRODUCTS_DIR)/case3.app/$(BUNDLE_EXECUTABLE_FOLDER_PATH)/case3";
			};
			name = Debug;
		};
		6AF56DFE2B6CA1D2006C11B0 /* Release */ = {
			isa = XCBuildConfiguration;
			baseConfigurationReference = 20B4B55FD23DBECB4E4E6A1D /* Pods-case3Tests.release.xcconfig */;
			buildSettings = {
				ALWAYS_EMBED_SWIFT_STANDARD_LIBRARIES = YES;
				BUNDLE_LOADER = "$(TEST_HOST)";
				CODE_SIGN_STYLE = Automatic;
				CURRENT_PROJECT_VERSION = 1;
				DEVELOPMENT_TEAM = S2L48UD9HD;
				GENERATE_INFOPLIST_FILE = YES;
				IPHONEOS_DEPLOYMENT_TARGET = 17.2;
				MARKETING_VERSION = 1.0;
				PRODUCT_BUNDLE_IDENTIFIER = aldo.case3Tests;
				PRODUCT_NAME = "$(TARGET_NAME)";
				SWIFT_EMIT_LOC_STRINGS = NO;
				SWIFT_VERSION = 5.0;
				TARGETED_DEVICE_FAMILY = "1,2";
				TEST_HOST = "$(BUILT_PRODUCTS_DIR)/case3.app/$(BUNDLE_EXECUTABLE_FOLDER_PATH)/case3";
			};
			name = Release;
		};
		6AF56E002B6CA1D2006C11B0 /* Debug */ = {
			isa = XCBuildConfiguration;
			baseConfigurationReference = AA201CFDC423AFDE99D0C7FE /* Pods-case3-case3UITests.debug.xcconfig */;
			buildSettings = {
				ALWAYS_EMBED_SWIFT_STANDARD_LIBRARIES = YES;
				CODE_SIGN_STYLE = Automatic;
				CURRENT_PROJECT_VERSION = 1;
				DEVELOPMENT_TEAM = S2L48UD9HD;
				GENERATE_INFOPLIST_FILE = YES;
				MARKETING_VERSION = 1.0;
				PRODUCT_BUNDLE_IDENTIFIER = aldo.case3UITests;
				PRODUCT_NAME = "$(TARGET_NAME)";
				SWIFT_EMIT_LOC_STRINGS = NO;
				SWIFT_VERSION = 5.0;
				TARGETED_DEVICE_FAMILY = "1,2";
				TEST_TARGET_NAME = case3;
			};
			name = Debug;
		};
		6AF56E012B6CA1D2006C11B0 /* Release */ = {
			isa = XCBuildConfiguration;
			baseConfigurationReference = 85D2FCE2B9D91085A59DE4C2 /* Pods-case3-case3UITests.release.xcconfig */;
			buildSettings = {
				ALWAYS_EMBED_SWIFT_STANDARD_LIBRARIES = YES;
				CODE_SIGN_STYLE = Automatic;
				CURRENT_PROJECT_VERSION = 1;
				DEVELOPMENT_TEAM = S2L48UD9HD;
				GENERATE_INFOPLIST_FILE = YES;
				MARKETING_VERSION = 1.0;
				PRODUCT_BUNDLE_IDENTIFIER = aldo.case3UITests;
				PRODUCT_NAME = "$(TARGET_NAME)";
				SWIFT_EMIT_LOC_STRINGS = NO;
				SWIFT_VERSION = 5.0;
				TARGETED_DEVICE_FAMILY = "1,2";
				TEST_TARGET_NAME = case3;
			};
			name = Release;
		};
/* End XCBuildConfiguration section */

/* Begin XCConfigurationList section */
		6AF56DCA2B6CA1CF006C11B0 /* Build configuration list for PBXProject "case3" */ = {
			isa = XCConfigurationList;
			buildConfigurations = (
				6AF56DF72B6CA1D2006C11B0 /* Debug */,
				6AF56DF82B6CA1D2006C11B0 /* Release */,
			);
			defaultConfigurationIsVisible = 0;
			defaultConfigurationName = Release;
		};
		6AF56DF92B6CA1D2006C11B0 /* Build configuration list for PBXNativeTarget "case3" */ = {
			isa = XCConfigurationList;
			buildConfigurations = (
				6AF56DFA2B6CA1D2006C11B0 /* Debug */,
				6AF56DFB2B6CA1D2006C11B0 /* Release */,
			);
			defaultConfigurationIsVisible = 0;
			defaultConfigurationName = Release;
		};
		6AF56DFC2B6CA1D2006C11B0 /* Build configuration list for PBXNativeTarget "case3Tests" */ = {
			isa = XCConfigurationList;
			buildConfigurations = (
				6AF56DFD2B6CA1D2006C11B0 /* Debug */,
				6AF56DFE2B6CA1D2006C11B0 /* Release */,
			);
			defaultConfigurationIsVisible = 0;
			defaultConfigurationName = Release;
		};
		6AF56DFF2B6CA1D2006C11B0 /* Build configuration list for PBXNativeTarget "case3UITests" */ = {
			isa = XCConfigurationList;
			buildConfigurations = (
				6AF56E002B6CA1D2006C11B0 /* Debug */,
				6AF56E012B6CA1D2006C11B0 /* Release */,
			);
			defaultConfigurationIsVisible = 0;
			defaultConfigurationName = Release;
		};
/* End XCConfigurationList section */
	};
	rootObject = 6AF56DC72B6CA1CF006C11B0 /* Project object */;
}
